<Solution>
  <Project Path="ITOpsWorkspace.Api/ITOpsWorkspace.Api.csproj" Id="5f140388-a592-49ef-b6df-ca8ca215c55e" />
  <Project Path="ITOpsWorkspace.App/ITOpsWorkspace.App.csproj" />
  <Project Path="ITOpsWorkspace.Core/ITOpsWorkspace.Core.csproj" />
  <Project Path="ITOpsWorkspace.Infrastructure/ITOpsWorkspace.Infrastructure.csproj" />
  <Project Path="ITOpsWorkspace.Tests/ITOpsWorkspace.Tests.csproj" />
</Solution>
